
Microsoft Visual Studio Solution File, Format Version 12.00
# Visual Studio 15
VisualStudioVersion = 15.0.28010.2046
MinimumVisualStudioVersion = 10.0.40219.1
Project("{8BC9CEB8-8B4A-11D0-8D11-00A0C91BC942}") = "课堂练习", "课堂练习\课堂练习.vcxproj", "{00AB4044-B2E9-43D9-9935-CD840FEDDEDA}"
EndProject
Project("{8BC9CEB8-8B4A-11D0-8D11-00A0C91BC942}") = "虚函数", "虚函数\虚函数.vcxproj", "{046E95CF-32AD-4011-9F45-FE5B533F727B}"
EndProject
Project("{8BC9CEB8-8B4A-11D0-8D11-00A0C91BC942}") = "16-3", "字节对齐\字节对齐.vcxproj", "{5525DA94-BC3A-41CD-B0A3-381BCBBC2F58}"
EndProject
Project("{8BC9CEB8-8B4A-11D0-8D11-00A0C91BC942}") = "几何图形中类的继承关系", "几何图形中类的继承关系\几何图形中类的继承关系.vcxproj", "{9A442FF3-2981-42B6-8785-8BAA00588CB9}"
EndProject
Global
	GlobalSection(SolutionConfigurationPlatforms) = preSolution
		Debug|x64 = Debug|x64
		Debug|x86 = Debug|x86
		Release|x64 = Release|x64
		Release|x86 = Release|x86
	EndGlobalSection
	GlobalSection(ProjectConfigurationPlatforms) = postSolution
		{00AB4044-B2E9-43D9-9935-CD840FEDDEDA}.Debug|x64.ActiveCfg = Debug|x64
		{00AB4044-B2E9-43D9-9935-CD840FEDDEDA}.Debug|x64.Build.0 = Debug|x64
		{00AB4044-B2E9-43D9-9935-CD840FEDDEDA}.Debug|x86.ActiveCfg = Debug|Win32
		{00AB4044-B2E9-43D9-9935-CD840FEDDEDA}.Debug|x86.Build.0 = Debug|Win32
		{00AB4044-B2E9-43D9-9935-CD840FEDDEDA}.Release|x64.ActiveCfg = Release|x64
		{00AB4044-B2E9-43D9-9935-CD840FEDDEDA}.Release|x64.Build.0 = Release|x64
		{00AB4044-B2E9-43D9-9935-CD840FEDDEDA}.Release|x86.ActiveCfg = Release|Win32
		{00AB4044-B2E9-43D9-9935-CD840FEDDEDA}.Release|x86.Build.0 = Release|Win32
		{046E95CF-32AD-4011-9F45-FE5B533F727B}.Debug|x64.ActiveCfg = Debug|x64
		{046E95CF-32AD-4011-9F45-FE5B533F727B}.Debug|x64.Build.0 = Debug|x64
		{046E95CF-32AD-4011-9F45-FE5B533F727B}.Debug|x86.ActiveCfg = Debug|Win32
		{046E95CF-32AD-4011-9F45-FE5B533F727B}.Debug|x86.Build.0 = Debug|Win32
		{046E95CF-32AD-4011-9F45-FE5B533F727B}.Release|x64.ActiveCfg = Release|x64
		{046E95CF-32AD-4011-9F45-FE5B533F727B}.Release|x64.Build.0 = Release|x64
		{046E95CF-32AD-4011-9F45-FE5B533F727B}.Release|x86.ActiveCfg = Release|Win32
		{046E95CF-32AD-4011-9F45-FE5B533F727B}.Release|x86.Build.0 = Release|Win32
		{5525DA94-BC3A-41CD-B0A3-381BCBBC2F58}.Debug|x64.ActiveCfg = Debug|x64
		{5525DA94-BC3A-41CD-B0A3-381BCBBC2F58}.Debug|x64.Build.0 = Debug|x64
		{5525DA94-BC3A-41CD-B0A3-381BCBBC2F58}.Debug|x86.ActiveCfg = Debug|Win32
		{5525DA94-BC3A-41CD-B0A3-381BCBBC2F58}.Debug|x86.Build.0 = Debug|Win32
		{5525DA94-BC3A-41CD-B0A3-381BCBBC2F58}.Release|x64.ActiveCfg = Release|x64
		{5525DA94-BC3A-41CD-B0A3-381BCBBC2F58}.Release|x64.Build.0 = Release|x64
		{5525DA94-BC3A-41CD-B0A3-381BCBBC2F58}.Release|x86.ActiveCfg = Release|Win32
		{5525DA94-BC3A-41CD-B0A3-381BCBBC2F58}.Release|x86.Build.0 = Release|Win32
		{9A442FF3-2981-42B6-8785-8BAA00588CB9}.Debug|x64.ActiveCfg = Debug|x64
		{9A442FF3-2981-42B6-8785-8BAA00588CB9}.Debug|x64.Build.0 = Debug|x64
		{9A442FF3-2981-42B6-8785-8BAA00588CB9}.Debug|x86.ActiveCfg = Debug|Win32
		{9A442FF3-2981-42B6-8785-8BAA00588CB9}.Debug|x86.Build.0 = Debug|Win32
		{9A442FF3-2981-42B6-8785-8BAA00588CB9}.Release|x64.ActiveCfg = Release|x64
		{9A442FF3-2981-42B6-8785-8BAA00588CB9}.Release|x64.Build.0 = Release|x64
		{9A442FF3-2981-42B6-8785-8BAA00588CB9}.Release|x86.ActiveCfg = Release|Win32
		{9A442FF3-2981-42B6-8785-8BAA00588CB9}.Release|x86.Build.0 = Release|Win32
	EndGlobalSection
	GlobalSection(SolutionProperties) = preSolution
		HideSolutionNode = FALSE
	EndGlobalSection
	GlobalSection(ExtensibilityGlobals) = postSolution
		SolutionGuid = {03E7499F-6FA2-4726-8426-F305B570B44E}
	EndGlobalSection
EndGlobal
